{
  "name": "@thepassle/module-graph",
  "version": "0.0.1",
  "lockfileVersion": 3,
  "requires": true,
  "packages": {
    "": {
      "name": "@thepassle/module-graph",
      "version": "0.0.1",
      "license": "ISC",
      "dependencies": {
        "es-module-lexer": "^1.4.1",
        "import-meta-resolve": "^4.0.0"
      },
      "devDependencies": {
        "typescript": "^5.3.3"
      }
    },
    "node_modules/es-module-lexer": {
      "version": "1.4.1",
      "resolved": "https://registry.npmjs.org/es-module-lexer/-/es-module-lexer-1.4.1.tgz",
      "integrity": "sha512-cXLGjP0c4T3flZJKQSuziYoq7MlT+rnvfZjfp7h+I7K9BNX54kP9nyWvdbwjQ4u1iWbOL4u96fgeZLToQlZC7w=="
    },
    "node_modules/import-meta-resolve": {
      "version": "4.0.0",
      "resolved": "https://registry.npmjs.org/import-meta-resolve/-/import-meta-resolve-4.0.0.tgz",
      "integrity": "sha512-okYUR7ZQPH+efeuMJGlq4f8ubUgO50kByRPyt/Cy1Io4PSRsPjxME+YlVaCOx+NIToW7hCsZNFJyTPFFKepRSA==",
      "funding": {
        "type": "github",
        "url": "https://github.com/sponsors/wooorm"
      }
    },
    "node_modules/typescript": {
      "version": "5.3.3",
      "resolved": "https://registry.npmjs.org/typescript/-/typescript-5.3.3.tgz",
      "integrity": "sha512-pXWcraxM0uxAS+tN0AG/BF2TyqmHO014Z070UsJ+pFvYuRSq8KH8DmWpnbXe0pEPDHXZV3FcAbJkijJ5oNEnWw==",
      "dev": true,
      "bin": {
        "tsc": "bin/tsc",
        "tsserver": "bin/tsserver"
      },
      "engines": {
        "node": ">=14.17"
      }
    }
  }
}
